<?xml version="1.0" encoding="utf-8"?>
<Project ToolsVersion="4.0" xmlns="http://schemas.microsoft.com/developer/msbuild/2003">
  <ItemGroup>
    <Filter Include="Source Files">
      <UniqueIdentifier>{4FC737F1-C7A5-4376-A066-2A32D752A2FF}</UniqueIdentifier>
      <Extensions>cpp;c;cc;cxx;def;odl;idl;hpj;bat;asm;asmx</Extensions>
    </Filter>
    <Filter Include="Header Files">
      <UniqueIdentifier>{93995380-89BD-4b04-88EB-625FBE52EBFB}</UniqueIdentifier>
      <Extensions>h;hpp;hxx;hm;inl;inc;xsd</Extensions>
    </Filter>
    <Filter Include="Resource Files">
      <UniqueIdentifier>{67DA6AB6-F800-4c08-8B7A-83BB121AAD01}</UniqueIdentifier>
      <Extensions>rc;ico;cur;bmp;dlg;rc2;rct;bin;rgs;gif;jpg;jpeg;jpe;resx;tiff;tif;png;wav;mfcribbon-ms</Extensions>
    </Filter>
    <Filter Include="List">
      <UniqueIdentifier>{8eb5d5e6-6033-45ba-8aa4-467998660fde}</UniqueIdentifier>
    </Filter>
    <Filter Include="Vector">
      <UniqueIdentifier>{23644b04-f167-4577-9fca-0fabf6d098e5}</UniqueIdentifier>
    </Filter>
    <Filter Include="Utility">
      <UniqueIdentifier>{dfa3fab3-6993-45ca-af7e-ccf61694ce78}</UniqueIdentifier>
    </Filter>
  </ItemGroup>
  <ItemGroup>
    <ClCompile Include="main.cpp">
      <Filter>Source Files</Filter>
    </ClCompile>
    <ClCompile Include="listexample.cpp">
      <Filter>List</Filter>
    </ClCompile>
    <ClCompile Include="vectorexample.cpp">
      <Filter>Vector</Filter>
    </ClCompile>
    <ClCompile Include="mixed.cpp">
      <Filter>Source Files</Filter>
    </ClCompile>
  </ItemGroup>
  <ItemGroup>
    <ClInclude Include="listexample.h">
      <Filter>List</Filter>
    </ClInclude>
    <ClInclude Include="vectorexample.h">
      <Filter>Vector</Filter>
    </ClInclude>
    <ClInclude Include="stlutility.h">
      <Filter>Utility</Filter>
    </ClInclude>
  </ItemGroup>
</Project>